
Microsoft Visual Studio Solution File, Format Version 12.00
# Visual Studio 15
VisualStudioVersion = 15.0.28307.271
MinimumVisualStudioVersion = 10.0.40219.1
Project("{FAE04EC0-301F-11D3-BF4B-00C04F79EFBC}") = "BasicFantasyBeyond.WebMVC", "BasicFantasyBeyond\BasicFantasyBeyond.WebMVC.csproj", "{F7120D53-0FFB-4E12-87A1-A734EDEC7E3A}"
EndProject
Project("{FAE04EC0-301F-11D3-BF4B-00C04F79EFBC}") = "BasicFantasyBeyond.Tests", "BasicFantasyBeyond.Tests\BasicFantasyBeyond.Tests.csproj", "{054E7C1F-6BBE-489E-84C6-F2BAC5E223EC}"
EndProject
Project("{FAE04EC0-301F-11D3-BF4B-00C04F79EFBC}") = "BasicFantasyBeyond.Contracts", "BasicFantasyBeyond.Contracts\BasicFantasyBeyond.Contracts.csproj", "{79E716B5-234D-4ED9-9C49-61ED768F1383}"
EndProject
Project("{FAE04EC0-301F-11D3-BF4B-00C04F79EFBC}") = "BasicFantasyBeyond.Data", "BasicFantasyBeyond.Data\BasicFantasyBeyond.Data.csproj", "{73A2FBAB-A5BA-499D-B7B0-DE49CD316302}"
EndProject
Project("{FAE04EC0-301F-11D3-BF4B-00C04F79EFBC}") = "BasicFantasyBeyond.Services", "BasicFantasyBeyond.Services\BasicFantasyBeyond.Services.csproj", "{1E0827DB-7204-4728-A129-995F7481A59B}"
EndProject
Project("{FAE04EC0-301F-11D3-BF4B-00C04F79EFBC}") = "BasicFantasyBeyond.Models", "BasicFantasyBeyond.Models\BasicFantasyBeyond.Models.csproj", "{BFC6227D-E832-4900-8668-A9B2F3A38741}"
EndProject
Global
	GlobalSection(SolutionConfigurationPlatforms) = preSolution
		Debug|Any CPU = Debug|Any CPU
		Release|Any CPU = Release|Any CPU
	EndGlobalSection
	GlobalSection(ProjectConfigurationPlatforms) = postSolution
		{F7120D53-0FFB-4E12-87A1-A734EDEC7E3A}.Debug|Any CPU.ActiveCfg = Debug|Any CPU
		{F7120D53-0FFB-4E12-87A1-A734EDEC7E3A}.Debug|Any CPU.Build.0 = Debug|Any CPU
		{F7120D53-0FFB-4E12-87A1-A734EDEC7E3A}.Release|Any CPU.ActiveCfg = Release|Any CPU
		{F7120D53-0FFB-4E12-87A1-A734EDEC7E3A}.Release|Any CPU.Build.0 = Release|Any CPU
		{054E7C1F-6BBE-489E-84C6-F2BAC5E223EC}.Debug|Any CPU.ActiveCfg = Debug|Any CPU
		{054E7C1F-6BBE-489E-84C6-F2BAC5E223EC}.Debug|Any CPU.Build.0 = Debug|Any CPU
		{054E7C1F-6BBE-489E-84C6-F2BAC5E223EC}.Release|Any CPU.ActiveCfg = Release|Any CPU
		{054E7C1F-6BBE-489E-84C6-F2BAC5E223EC}.Release|Any CPU.Build.0 = Release|Any CPU
		{79E716B5-234D-4ED9-9C49-61ED768F1383}.Debug|Any CPU.ActiveCfg = Debug|Any CPU
		{79E716B5-234D-4ED9-9C49-61ED768F1383}.Debug|Any CPU.Build.0 = Debug|Any CPU
		{79E716B5-234D-4ED9-9C49-61ED768F1383}.Release|Any CPU.ActiveCfg = Release|Any CPU
		{79E716B5-234D-4ED9-9C49-61ED768F1383}.Release|Any CPU.Build.0 = Release|Any CPU
		{73A2FBAB-A5BA-499D-B7B0-DE49CD316302}.Debug|Any CPU.ActiveCfg = Debug|Any CPU
		{73A2FBAB-A5BA-499D-B7B0-DE49CD316302}.Debug|Any CPU.Build.0 = Debug|Any CPU
		{73A2FBAB-A5BA-499D-B7B0-DE49CD316302}.Release|Any CPU.ActiveCfg = Release|Any CPU
		{73A2FBAB-A5BA-499D-B7B0-DE49CD316302}.Release|Any CPU.Build.0 = Release|Any CPU
		{1E0827DB-7204-4728-A129-995F7481A59B}.Debug|Any CPU.ActiveCfg = Debug|Any CPU
		{1E0827DB-7204-4728-A129-995F7481A59B}.Debug|Any CPU.Build.0 = Debug|Any CPU
		{1E0827DB-7204-4728-A129-995F7481A59B}.Release|Any CPU.ActiveCfg = Release|Any CPU
		{1E0827DB-7204-4728-A129-995F7481A59B}.Release|Any CPU.Build.0 = Release|Any CPU
		{BFC6227D-E832-4900-8668-A9B2F3A38741}.Debug|Any CPU.ActiveCfg = Debug|Any CPU
		{BFC6227D-E832-4900-8668-A9B2F3A38741}.Debug|Any CPU.Build.0 = Debug|Any CPU
		{BFC6227D-E832-4900-8668-A9B2F3A38741}.Release|Any CPU.ActiveCfg = Release|Any CPU
		{BFC6227D-E832-4900-8668-A9B2F3A38741}.Release|Any CPU.Build.0 = Release|Any CPU
	EndGlobalSection
	GlobalSection(SolutionProperties) = preSolution
		HideSolutionNode = FALSE
	EndGlobalSection
	GlobalSection(ExtensibilityGlobals) = postSolution
		SolutionGuid = {7E53810E-748A-476D-A829-B13389C524D6}
	EndGlobalSection
EndGlobal
